Microsoft Visual Studio Solution File, Format Version 12.00
# Visual Studio Version 17
VisualStudioVersion = 17.5.2.0
MinimumVisualStudioVersion = 10.0.40219.1
Project("{FAE04EC0-301F-11D3-BF4B-00C04F79EFBC}") = "AudioFusion", "AudioFusion.csproj", "{FD5759F6-00C1-5B11-3E8F-A56A9C0EF33F}"
EndProject
Global
	GlobalSection(SolutionConfigurationPlatforms) = preSolution
		Debug|Any CPU = Debug|Any CPU
		Release|Any CPU = Release|Any CPU
	EndGlobalSection
	GlobalSection(ProjectConfigurationPlatforms) = postSolution
		{FD5759F6-00C1-5B11-3E8F-A56A9C0EF33F}.Debug|Any CPU.ActiveCfg = Debug|Any CPU
		{FD5759F6-00C1-5B11-3E8F-A56A9C0EF33F}.Debug|Any CPU.Build.0 = Debug|Any CPU
		{FD5759F6-00C1-5B11-3E8F-A56A9C0EF33F}.Release|Any CPU.ActiveCfg = Release|Any CPU
		{FD5759F6-00C1-5B11-3E8F-A56A9C0EF33F}.Release|Any CPU.Build.0 = Release|Any CPU
	EndGlobalSection
	GlobalSection(SolutionProperties) = preSolution
		HideSolutionNode = FALSE
	EndGlobalSection
	GlobalSection(ExtensibilityGlobals) = postSolution
		SolutionGuid = {1C242476-E196-4933-9E6D-071020AFA138}
	EndGlobalSection
EndGlobal
